Microsoft Visual Studio Solution File, Format Version 12.00
# Visual Studio Version 17
VisualStudioVersion = 17.5.2.0
MinimumVisualStudioVersion = 10.0.40219.1
Project("{FAE04EC0-301F-11D3-BF4B-00C04F79EFBC}") = "InsightLink.Api", "InsightLink.Api.csproj", "{C9AB9075-50B1-4C72-EBF4-B34E423ED1A0}"
EndProject
Global
	GlobalSection(SolutionConfigurationPlatforms) = preSolution
		Debug|Any CPU = Debug|Any CPU
		Release|Any CPU = Release|Any CPU
	EndGlobalSection
	GlobalSection(ProjectConfigurationPlatforms) = postSolution
		{C9AB9075-50B1-4C72-EBF4-B34E423ED1A0}.Debug|Any CPU.ActiveCfg = Debug|Any CPU
		{C9AB9075-50B1-4C72-EBF4-B34E423ED1A0}.Debug|Any CPU.Build.0 = Debug|Any CPU
		{C9AB9075-50B1-4C72-EBF4-B34E423ED1A0}.Release|Any CPU.ActiveCfg = Release|Any CPU
		{C9AB9075-50B1-4C72-EBF4-B34E423ED1A0}.Release|Any CPU.Build.0 = Release|Any CPU
	EndGlobalSection
	GlobalSection(SolutionProperties) = preSolution
		HideSolutionNode = FALSE
	EndGlobalSection
	GlobalSection(ExtensibilityGlobals) = postSolution
		SolutionGuid = {C10CA87A-3080-4A26-B175-4ED52C6F3606}
	EndGlobalSection
EndGlobal
